{
    "_meta": {
        "hash": {
            "sha256": "cfdacaac3ec4f7f6f77cecd61b172ee7b41c51e26a15796eb1c627ae42034ca3"
        },
        "pipfile-spec": 6,
        "requires": {
            "python_version": "3.7"
        },
        "sources": [
            {
                "name": "pypi",
                "url": "https://pypi.org/simple",
                "verify_ssl": true
            }
        ]
    },
    "default": {
        "numpy": {
            "hashes": [
                "sha256:9374a4003f1309ee9daa41e52d0af4bc04c8dd8aac1b6f1e51adc592898e5e42"
            ],
            "path": "./Windows/numpy-1.18.4+mkl-cp37-cp37m-win32.whl",
            "version": "==1.18.4+mkl"
        }
    },
    "develop": {}
}
